
Microsoft Visual Studio Solution File, Format Version 12.00
# Visual Studio Version 17
VisualStudioVersion = 17.3.32922.545
MinimumVisualStudioVersion = 10.0.40219.1
Project("{FAE04EC0-301F-11D3-BF4B-00C04F79EFBC}") = "EstudoApi", "EstudoApi\EstudoApi.csproj", "{2D9A0CD6-131F-4A0E-A4B1-E96C8F356DA5}"
EndProject
Project("{FAE04EC0-301F-11D3-BF4B-00C04F79EFBC}") = "EstudoRepository", "EstudoRepository\EstudoRepository.csproj", "{0B283A14-E5FC-474E-A69C-7EB315A46F3D}"
EndProject
Project("{FAE04EC0-301F-11D3-BF4B-00C04F79EFBC}") = "EstudoService", "EstudoService\EstudoService.csproj", "{22952082-6C7C-4356-AC10-C3E94C31661E}"
EndProject
Global
	GlobalSection(SolutionConfigurationPlatforms) = preSolution
		Debug|Any CPU = Debug|Any CPU
		Release|Any CPU = Release|Any CPU
	EndGlobalSection
	GlobalSection(ProjectConfigurationPlatforms) = postSolution
		{2D9A0CD6-131F-4A0E-A4B1-E96C8F356DA5}.Debug|Any CPU.ActiveCfg = Debug|Any CPU
		{2D9A0CD6-131F-4A0E-A4B1-E96C8F356DA5}.Debug|Any CPU.Build.0 = Debug|Any CPU
		{2D9A0CD6-131F-4A0E-A4B1-E96C8F356DA5}.Release|Any CPU.ActiveCfg = Release|Any CPU
		{2D9A0CD6-131F-4A0E-A4B1-E96C8F356DA5}.Release|Any CPU.Build.0 = Release|Any CPU
		{0B283A14-E5FC-474E-A69C-7EB315A46F3D}.Debug|Any CPU.ActiveCfg = Debug|Any CPU
		{0B283A14-E5FC-474E-A69C-7EB315A46F3D}.Debug|Any CPU.Build.0 = Debug|Any CPU
		{0B283A14-E5FC-474E-A69C-7EB315A46F3D}.Release|Any CPU.ActiveCfg = Release|Any CPU
		{0B283A14-E5FC-474E-A69C-7EB315A46F3D}.Release|Any CPU.Build.0 = Release|Any CPU
		{22952082-6C7C-4356-AC10-C3E94C31661E}.Debug|Any CPU.ActiveCfg = Debug|Any CPU
		{22952082-6C7C-4356-AC10-C3E94C31661E}.Debug|Any CPU.Build.0 = Debug|Any CPU
		{22952082-6C7C-4356-AC10-C3E94C31661E}.Release|Any CPU.ActiveCfg = Release|Any CPU
		{22952082-6C7C-4356-AC10-C3E94C31661E}.Release|Any CPU.Build.0 = Release|Any CPU
	EndGlobalSection
	GlobalSection(SolutionProperties) = preSolution
		HideSolutionNode = FALSE
	EndGlobalSection
	GlobalSection(ExtensibilityGlobals) = postSolution
		SolutionGuid = {981EB422-A297-42A4-87E8-4574B4938877}
	EndGlobalSection
EndGlobal
